
Microsoft Visual Studio Solution File, Format Version 12.00
# Visual Studio Version 16
VisualStudioVersion = 16.0.30002.166
MinimumVisualStudioVersion = 10.0.40219.1
Project("{FAE04EC0-301F-11D3-BF4B-00C04F79EFBC}") = "BookListRazor", "BookListRazor\BookListRazor.csproj", "{9E7F76F4-0A27-4DF8-8F93-B398FD21C101}"
EndProject
Global
	GlobalSection(SolutionConfigurationPlatforms) = preSolution
		Debug|Any CPU = Debug|Any CPU
		Release|Any CPU = Release|Any CPU
	EndGlobalSection
	GlobalSection(ProjectConfigurationPlatforms) = postSolution
		{9E7F76F4-0A27-4DF8-8F93-B398FD21C101}.Debug|Any CPU.ActiveCfg = Debug|Any CPU
		{9E7F76F4-0A27-4DF8-8F93-B398FD21C101}.Debug|Any CPU.Build.0 = Debug|Any CPU
		{9E7F76F4-0A27-4DF8-8F93-B398FD21C101}.Release|Any CPU.ActiveCfg = Release|Any CPU
		{9E7F76F4-0A27-4DF8-8F93-B398FD21C101}.Release|Any CPU.Build.0 = Release|Any CPU
	EndGlobalSection
	GlobalSection(SolutionProperties) = preSolution
		HideSolutionNode = FALSE
	EndGlobalSection
	GlobalSection(ExtensibilityGlobals) = postSolution
		SolutionGuid = {98D0446D-E424-4FF7-B087-00E9E038C8F8}
	EndGlobalSection
EndGlobal
